
Microsoft Visual Studio Solution File, Format Version 12.00
# Visual Studio Version 17
VisualStudioVersion = 17.8.34601.278
MinimumVisualStudioVersion = 10.0.40219.1
Project("{FAE04EC0-301F-11D3-BF4B-00C04F79EFBC}") = "Module04Navigation.Android", "Module04Navigation.Android\Module04Navigation.Android.csproj", "{3068CBC6-8868-4FB1-BB89-3FBE5EADCBD6}"
EndProject
Project("{FAE04EC0-301F-11D3-BF4B-00C04F79EFBC}") = "Module04Navigation", "Module04Navigation\Module04Navigation.csproj", "{39DA5CB2-F680-4298-913E-F2AA47AC7A1D}"
EndProject
Global
	GlobalSection(SolutionConfigurationPlatforms) = preSolution
		Debug|Any CPU = Debug|Any CPU
		Release|Any CPU = Release|Any CPU
	EndGlobalSection
	GlobalSection(ProjectConfigurationPlatforms) = postSolution
		{3068CBC6-8868-4FB1-BB89-3FBE5EADCBD6}.Debug|Any CPU.ActiveCfg = Debug|Any CPU
		{3068CBC6-8868-4FB1-BB89-3FBE5EADCBD6}.Debug|Any CPU.Build.0 = Debug|Any CPU
		{3068CBC6-8868-4FB1-BB89-3FBE5EADCBD6}.Debug|Any CPU.Deploy.0 = Debug|Any CPU
		{3068CBC6-8868-4FB1-BB89-3FBE5EADCBD6}.Release|Any CPU.ActiveCfg = Release|Any CPU
		{3068CBC6-8868-4FB1-BB89-3FBE5EADCBD6}.Release|Any CPU.Build.0 = Release|Any CPU
		{3068CBC6-8868-4FB1-BB89-3FBE5EADCBD6}.Release|Any CPU.Deploy.0 = Release|Any CPU
		{39DA5CB2-F680-4298-913E-F2AA47AC7A1D}.Debug|Any CPU.ActiveCfg = Debug|Any CPU
		{39DA5CB2-F680-4298-913E-F2AA47AC7A1D}.Debug|Any CPU.Build.0 = Debug|Any CPU
		{39DA5CB2-F680-4298-913E-F2AA47AC7A1D}.Debug|Any CPU.Deploy.0 = Debug|Any CPU
		{39DA5CB2-F680-4298-913E-F2AA47AC7A1D}.Release|Any CPU.ActiveCfg = Release|Any CPU
		{39DA5CB2-F680-4298-913E-F2AA47AC7A1D}.Release|Any CPU.Build.0 = Release|Any CPU
		{39DA5CB2-F680-4298-913E-F2AA47AC7A1D}.Release|Any CPU.Deploy.0 = Release|Any CPU
	EndGlobalSection
	GlobalSection(SolutionProperties) = preSolution
		HideSolutionNode = FALSE
	EndGlobalSection
	GlobalSection(ExtensibilityGlobals) = postSolution
		SolutionGuid = {3653628E-6AFF-42B7-8E7A-0B0B94D4FCCF}
	EndGlobalSection
EndGlobal
